
Microsoft Visual Studio Solution File, Format Version 12.00
# Visual Studio 15
VisualStudioVersion = 15.0.28307.2092
MinimumVisualStudioVersion = 10.0.40219.1
Project("{FAE04EC0-301F-11D3-BF4B-00C04F79EFBC}") = "CMS", "CMS\CMS.csproj", "{2ADF9A43-82A5-4AB1-861D-B61617661116}"
EndProject
Project("{FAE04EC0-301F-11D3-BF4B-00C04F79EFBC}") = "MainClass", "MainClass\MainClass.csproj", "{EBDA15B0-4D10-4877-929D-18C0CD06C75D}"
EndProject
Global
	GlobalSection(SolutionConfigurationPlatforms) = preSolution
		Debug|Any CPU = Debug|Any CPU
		Release|Any CPU = Release|Any CPU
	EndGlobalSection
	GlobalSection(ProjectConfigurationPlatforms) = postSolution
		{2ADF9A43-82A5-4AB1-861D-B61617661116}.Debug|Any CPU.ActiveCfg = Debug|Any CPU
		{2ADF9A43-82A5-4AB1-861D-B61617661116}.Debug|Any CPU.Build.0 = Debug|Any CPU
		{2ADF9A43-82A5-4AB1-861D-B61617661116}.Release|Any CPU.ActiveCfg = Release|Any CPU
		{2ADF9A43-82A5-4AB1-861D-B61617661116}.Release|Any CPU.Build.0 = Release|Any CPU
		{EBDA15B0-4D10-4877-929D-18C0CD06C75D}.Debug|Any CPU.ActiveCfg = Debug|Any CPU
		{EBDA15B0-4D10-4877-929D-18C0CD06C75D}.Debug|Any CPU.Build.0 = Debug|Any CPU
		{EBDA15B0-4D10-4877-929D-18C0CD06C75D}.Release|Any CPU.ActiveCfg = Release|Any CPU
		{EBDA15B0-4D10-4877-929D-18C0CD06C75D}.Release|Any CPU.Build.0 = Release|Any CPU
	EndGlobalSection
	GlobalSection(SolutionProperties) = preSolution
		HideSolutionNode = FALSE
	EndGlobalSection
	GlobalSection(ExtensibilityGlobals) = postSolution
		SolutionGuid = {FE13085B-466A-48DC-8FC7-AC8AA5F165C5}
	EndGlobalSection
EndGlobal
